
Microsoft Visual Studio Solution File, Format Version 12.00
# Visual Studio Version 17
VisualStudioVersion = 17.3.32929.385
MinimumVisualStudioVersion = 10.0.40219.1
Project("{FAE04EC0-301F-11D3-BF4B-00C04F79EFBC}") = "RedStore", "RedStore.csproj", "{382638C0-4B32-447A-A3ED-D12E5D985483}"
EndProject
Global
	GlobalSection(SolutionConfigurationPlatforms) = preSolution
		Debug|Any CPU = Debug|Any CPU
		Release|Any CPU = Release|Any CPU
	EndGlobalSection
	GlobalSection(ProjectConfigurationPlatforms) = postSolution
		{382638C0-4B32-447A-A3ED-D12E5D985483}.Debug|Any CPU.ActiveCfg = Debug|Any CPU
		{382638C0-4B32-447A-A3ED-D12E5D985483}.Debug|Any CPU.Build.0 = Debug|Any CPU
		{382638C0-4B32-447A-A3ED-D12E5D985483}.Release|Any CPU.ActiveCfg = Release|Any CPU
		{382638C0-4B32-447A-A3ED-D12E5D985483}.Release|Any CPU.Build.0 = Release|Any CPU
	EndGlobalSection
	GlobalSection(SolutionProperties) = preSolution
		HideSolutionNode = FALSE
	EndGlobalSection
	GlobalSection(ExtensibilityGlobals) = postSolution
		SolutionGuid = {8FC4ACAA-AE16-4EC0-AB6B-F6821FF4E984}
	EndGlobalSection
EndGlobal
