
Microsoft Visual Studio Solution File, Format Version 12.00
# Visual Studio Version 17
VisualStudioVersion = 17.4.33122.133
MinimumVisualStudioVersion = 10.0.40219.1
Project("{FAE04EC0-301F-11D3-BF4B-00C04F79EFBC}") = "WebApplication3", "WebApplication3\WebApplication3.csproj", "{2F82BF2B-8542-4C99-86A4-737B17165B76}"
EndProject
Global
	GlobalSection(SolutionConfigurationPlatforms) = preSolution
		Debug|Any CPU = Debug|Any CPU
		Release|Any CPU = Release|Any CPU
	EndGlobalSection
	GlobalSection(ProjectConfigurationPlatforms) = postSolution
		{2F82BF2B-8542-4C99-86A4-737B17165B76}.Debug|Any CPU.ActiveCfg = Debug|Any CPU
		{2F82BF2B-8542-4C99-86A4-737B17165B76}.Debug|Any CPU.Build.0 = Debug|Any CPU
		{2F82BF2B-8542-4C99-86A4-737B17165B76}.Release|Any CPU.ActiveCfg = Release|Any CPU
		{2F82BF2B-8542-4C99-86A4-737B17165B76}.Release|Any CPU.Build.0 = Release|Any CPU
	EndGlobalSection
	GlobalSection(SolutionProperties) = preSolution
		HideSolutionNode = FALSE
	EndGlobalSection
	GlobalSection(ExtensibilityGlobals) = postSolution
		SolutionGuid = {32CEDCE1-E3AF-40E8-B5B0-D36450B6E665}
	EndGlobalSection
EndGlobal
